// !$*UTF8*$!
{
	archiveVersion = 1;
	classes = {
	};
	objectVersion = 46;
	objects = {

/* Begin PBXBuildFile section */
		B2AF75EF1A9F9CBC00235C7C /* main.m in Sources */ = {isa = PBXBuildFile; fileRef = B2AF75EE1A9F9CBC00235C7C /* main.m */; };
		B2AF75F21A9F9CBC00235C7C /* AppDelegate.m in Sources */ = {isa = PBXBuildFile; fileRef = B2AF75F11A9F9CBC00235C7C /* AppDelegate.m */; };
		B2AF75F51A9F9CBC00235C7C /* ViewController.m in Sources */ = {isa = PBXBuildFile; fileRef = B2AF75F41A9F9CBC00235C7C /* ViewController.m */; };
		B2AF75F81A9F9CBC00235C7C /* Main.storyboard in Resources */ = {isa = PBXBuildFile; fileRef = B2AF75F61A9F9CBC00235C7C /* Main.storyboard */; };
		B2AF75FA1A9F9CBC00235C7C /* Images.xcassets in Resources */ = {isa = PBXBuildFile; fileRef = B2AF75F91A9F9CBC00235C7C /* Images.xcassets */; };
		B2AF75FD1A9F9CBC00235C7C /* LaunchScreen.xib in Resources */ = {isa = PBXBuildFile; fileRef = B2AF75FB1A9F9CBC00235C7C /* LaunchScreen.xib */; };
		B2AF76091A9F9CBC00235C7C /* TestCocoaTests.m in Sources */ = {isa = PBXBuildFile; fileRef = B2AF76081A9F9CBC00235C7C /* TestCocoaTests.m */; };
/* End PBXBuildFile section */

/* Begin PBXContainerItemProxy section */
		B2AF76031A9F9CBC00235C7C /* PBXContainerItemProxy */ = {
			isa = PBXContainerItemProxy;
			containerPortal = B2AF75E11A9F9CBC00235C7C /* Project object */;
			proxyType = 1;
			remoteGlobalIDString = B2AF75E81A9F9CBC00235C7C;
			remoteInfo = TestCocoa;
		};
/* End PBXContainerItemProxy section */

/* Begin PBXFileReference section */
		B2AF75E91A9F9CBC00235C7C /* TestCocoa.app */ = {isa = PBXFileReference; explicitFileType = wrapper.application; includeInIndex = 0; path = TestCocoa.app; sourceTree = BUILT_PRODUCTS_DIR; };
		B2AF75ED1A9F9CBC00235C7C /* Info.plist */ = {isa = PBXFileReference; lastKnownFileType = text.plist.xml; path = Info.plist; sourceTree = "<group>"; };
		B2AF75EE1A9F9CBC00235C7C /* main.m */ = {isa = PBXFileReference; lastKnownFileType = sourcecode.c.objc; path = main.m; sourceTree = "<group>"; };
		B2AF75F01A9F9CBC00235C7C /* AppDelegate.h */ = {isa = PBXFileReference; lastKnownFileType = sourcecode.c.h; path = AppDelegate.h; sourceTree = "<group>"; };
		B2AF75F11A9F9CBC00235C7C /* AppDelegate.m */ = {isa = PBXFileReference; lastKnownFileType = sourcecode.c.objc; path = AppDelegate.m; sourceTree = "<group>"; };
		B2AF75F31A9F9CBC00235C7C /* ViewController.h */ = {isa = PBXFileReference; lastKnownFileType = sourcecode.c.h; path = ViewController.h; sourceTree = "<group>"; };
		B2AF75F41A9F9CBC00235C7C /* ViewController.m */ = {isa = PBXFileReference; lastKnownFileType = sourcecode.c.objc; path = ViewController.m; sourceTree = "<group>"; };
		B2AF75F71A9F9CBC00235C7C /* Base */ = {isa = PBXFileReference; lastKnownFileType = file.storyboard; name = Base; path = Base.lproj/Main.storyboard; sourceTree = "<group>"; };
		B2AF75F91A9F9CBC00235C7C /* Images.xcassets */ = {isa = PBXFileReference; lastKnownFileType = folder.assetcatalog; path = Images.xcassets; sourceTree = "<group>"; };
		B2AF75FC1A9F9CBC00235C7C /* Base */ = {isa = PBXFileReference; lastKnownFileType = file.xib; name = Base; path = Base.lproj/LaunchScreen.xib; sourceTree = "<group>"; };
		B2AF76021A9F9CBC00235C7C /* TestCocoaTests.xctest */ = {isa = PBXFileReference; explicitFileType = wrapper.cfbundle; includeInIndex = 0; path = TestCocoaTests.xctest; sourceTree = BUILT_PRODUCTS_DIR; };
		B2AF76071A9F9CBC00235C7C /* Info.plist */ = {isa = PBXFileReference; lastKnownFileType = text.plist.xml; path = Info.plist; sourceTree = "<group>"; };
		B2AF76081A9F9CBC00235C7C /* TestCocoaTests.m */ = {isa = PBXFileReference; lastKnownFileType = sourcecode.c.objc; path = TestCocoaTests.m; sourceTree = "<group>"; };
/* End PBXFileReference section */

/* Begin PBXFrameworksBuildPhase section */
		B2AF75E61A9F9CBC00235C7C /* Frameworks */ = {
			isa = PBXFrameworksBuildPhase;
			buildActionMask = 2147483647;
			files = (
			);
			runOnlyForDeploymentPostprocessing = 0;
		};
		B2AF75FF1A9F9CBC00235C7C /* Frameworks */ = {
			isa = PBXFrameworksBuildPhase;
			buildActionMask = 2147483647;
			files = (
			);
			runOnlyForDeploymentPostprocessing = 0;
		};
/* End PBXFrameworksBuildPhase section */

/* Begin PBXGroup section */
		B2AF75E01A9F9CBC00235C7C = {
			isa = PBXGroup;
			children = (
				B2AF75EB1A9F9CBC00235C7C /* TestCocoa */,
				B2AF76051A9F9CBC00235C7C /* TestCocoaTests */,
				B2AF75EA1A9F9CBC00235C7C /* Products */,
			);
			sourceTree = "<group>";
		};
		B2AF75EA1A9F9CBC00235C7C /* Products */ = {
			isa = PBXGroup;
			children = (
				B2AF75E91A9F9CBC00235C7C /* TestCocoa.app */,
				B2AF76021A9F9CBC00235C7C /* TestCocoaTests.xctest */,
			);
			name = Products;
			sourceTree = "<group>";
		};
		B2AF75EB1A9F9CBC00235C7C /* TestCocoa */ = {
			isa = PBXGroup;
			children = (
				B2AF75F01A9F9CBC00235C7C /* AppDelegate.h */,
				B2AF75F11A9F9CBC00235C7C /* AppDelegate.m */,
				B2AF75F31A9F9CBC00235C7C /* ViewController.h */,
				B2AF75F41A9F9CBC00235C7C /* ViewController.m */,
				B2AF75F61A9F9CBC00235C7C /* Main.storyboard */,
				B2AF75F91A9F9CBC00235C7C /* Images.xcassets */,
				B2AF75FB1A9F9CBC00235C7C /* LaunchScreen.xib */,
				B2AF75EC1A9F9CBC00235C7C /* Supporting Files */,
			);
			path = TestCocoa;
			sourceTree = "<group>";
		};
		B2AF75EC1A9F9CBC00235C7C /* Supporting Files */ = {
			isa = PBXGroup;
			children = (
				B2AF75ED1A9F9CBC00235C7C /* Info.plist */,
				B2AF75EE1A9F9CBC00235C7C /* main.m */,
			);
			name = "Supporting Files";
			sourceTree = "<group>";
		};
		B2AF76051A9F9CBC00235C7C /* TestCocoaTests */ = {
			isa = PBXGroup;
			children = (
				B2AF76081A9F9CBC00235C7C /* TestCocoaTests.m */,
				B2AF76061A9F9CBC00235C7C /* Supporting Files */,
			);
			path = TestCocoaTests;
			sourceTree = "<group>";
		};
		B2AF76061A9F9CBC00235C7C /* Supporting Files */ = {
			isa = PBXGroup;
			children = (
				B2AF76071A9F9CBC00235C7C /* Info.plist */,
			);
			name = "Supporting Files";
			sourceTree = "<group>";
		};
/* End PBXGroup section */

/* Begin PBXNativeTarget section */
		B2AF75E81A9F9CBC00235C7C /* TestCocoa */ = {
			isa = PBXNativeTarget;
			buildConfigurationList = B2AF760C1A9F9CBC00235C7C /* Build configuration list for PBXNativeTarget "TestCocoa" */;
			buildPhases = (
				B2AF75E51A9F9CBC00235C7C /* Sources */,
				B2AF75E61A9F9CBC00235C7C /* Frameworks */,
				B2AF75E71A9F9CBC00235C7C /* Resources */,
			);
			buildRules = (
			);
			dependencies = (
			);
			name = TestCocoa;
			productName = TestCocoa;
			productReference = B2AF75E91A9F9CBC00235C7C /* TestCocoa.app */;
			productType = "com.apple.product-type.application";
		};
		B2AF76011A9F9CBC00235C7C /* TestCocoaTests */ = {
			isa = PBXNativeTarget;
			buildConfigurationList = B2AF760F1A9F9CBC00235C7C /* Build configuration list for PBXNativeTarget "TestCocoaTests" */;
			buildPhases = (
				B2AF75FE1A9F9CBC00235C7C /* Sources */,
				B2AF75FF1A9F9CBC00235C7C /* Frameworks */,
				B2AF76001A9F9CBC00235C7C /* Resources */,
			);
			buildRules = (
			);
			dependencies = (
				B2AF76041A9F9CBC00235C7C /* PBXTargetDependency */,
			);
			name = TestCocoaTests;
			productName = TestCocoaTests;
			productReference = B2AF76021A9F9CBC00235C7C /* TestCocoaTests.xctest */;
			productType = "com.apple.product-type.bundle.unit-test";
		};
/* End PBXNativeTarget section */

/* Begin PBXProject section */
		B2AF75E11A9F9CBC00235C7C /* Project object */ = {
			isa = PBXProject;
			attributes = {
				LastUpgradeCheck = 0610;
				ORGANIZATIONNAME = Sharethrough;
				TargetAttributes = {
					B2AF75E81A9F9CBC00235C7C = {
						CreatedOnToolsVersion = 6.1.1;
					};
					B2AF76011A9F9CBC00235C7C = {
						CreatedOnToolsVersion = 6.1.1;
						TestTargetID = B2AF75E81A9F9CBC00235C7C;
					};
				};
			};
			buildConfigurationList = B2AF75E41A9F9CBC00235C7C /* Build configuration list for PBXProject "TestCocoa" */;
			compatibilityVersion = "Xcode 3.2";
			developmentRegion = English;
			hasScannedForEncodings = 0;
			knownRegions = (
				en,
				Base,
			);
			mainGroup = B2AF75E01A9F9CBC00235C7C;
			productRefGroup = B2AF75EA1A9F9CBC00235C7C /* Products */;
			projectDirPath = "";
			projectRoot = "";
			targets = (
				B2AF75E81A9F9CBC00235C7C /* TestCocoa */,
				B2AF76011A9F9CBC00235C7C /* TestCocoaTests */,
			);
		};
/* End PBXProject section */

/* Begin PBXResourcesBuildPhase section */
		B2AF75E71A9F9CBC00235C7C /* Resources */ = {
			isa = PBXResourcesBuildPhase;
			buildActionMask = 2147483647;
			files = (
				B2AF75F81A9F9CBC00235C7C /* Main.storyboard in Resources */,
				B2AF75FD1A9F9CBC00235C7C /* LaunchScreen.xib in Resources */,
				B2AF75FA1A9F9CBC00235C7C /* Images.xcassets in Resources */,
			);
			runOnlyForDeploymentPostprocessing = 0;
		};
		B2AF76001A9F9CBC00235C7C /* Resources */ = {
			isa = PBXResourcesBuildPhase;
			buildActionMask = 2147483647;
			files = (
			);
			runOnlyForDeploymentPostprocessing = 0;
		};
/* End PBXResourcesBuildPhase section */

/* Begin PBXSourcesBuildPhase section */
		B2AF75E51A9F9CBC00235C7C /* Sources */ = {
			isa = PBXSourcesBuildPhase;
			buildActionMask = 2147483647;
			files = (
				B2AF75F51A9F9CBC00235C7C /* ViewController.m in Sources */,
				B2AF75F21A9F9CBC00235C7C /* AppDelegate.m in Sources */,
				B2AF75EF1A9F9CBC00235C7C /* main.m in Sources */,
			);
			runOnlyForDeploymentPostprocessing = 0;
		};
		B2AF75FE1A9F9CBC00235C7C /* Sources */ = {
			isa = PBXSourcesBuildPhase;
			buildActionMask = 2147483647;
			files = (
				B2AF76091A9F9CBC00235C7C /* TestCocoaTests.m in Sources */,
			);
			runOnlyForDeploymentPostprocessing = 0;
		};
/* End PBXSourcesBuildPhase section */

/* Begin PBXTargetDependency section */
		B2AF76041A9F9CBC00235C7C /* PBXTargetDependency */ = {
			isa = PBXTargetDependency;
			target = B2AF75E81A9F9CBC00235C7C /* TestCocoa */;
			targetProxy = B2AF76031A9F9CBC00235C7C /* PBXContainerItemProxy */;
		};
/* End PBXTargetDependency section */

/* Begin PBXVariantGroup section */
		B2AF75F61A9F9CBC00235C7C /* Main.storyboard */ = {
			isa = PBXVariantGroup;
			children = (
				B2AF75F71A9F9CBC00235C7C /* Base */,
			);
			name = Main.storyboard;
			sourceTree = "<group>";
		};
		B2AF75FB1A9F9CBC00235C7C /* LaunchScreen.xib */ = {
			isa = PBXVariantGroup;
			children = (
				B2AF75FC1A9F9CBC00235C7C /* Base */,
			);
			name = LaunchScreen.xib;
			sourceTree = "<group>";
		};
/* End PBXVariantGroup section */

/* Begin XCBuildConfiguration section */
		B2AF760A1A9F9CBC00235C7C /* Debug */ = {
			isa = XCBuildConfiguration;
			buildSettings = {
				ALWAYS_SEARCH_USER_PATHS = NO;
				CLANG_CXX_LANGUAGE_STANDARD = "gnu++0x";
				CLANG_CXX_LIBRARY = "libc++";
				CLANG_ENABLE_MODULES = YES;
				CLANG_ENABLE_OBJC_ARC = YES;
				CLANG_WARN_BOOL_CONVERSION = YES;
				CLANG_WARN_CONSTANT_CONVERSION = YES;
				CLANG_WARN_DIRECT_OBJC_ISA_USAGE = YES_ERROR;
				CLANG_WARN_EMPTY_BODY = YES;
				CLANG_WARN_ENUM_CONVERSION = YES;
				CLANG_WARN_INT_CONVERSION = YES;
				CLANG_WARN_OBJC_ROOT_CLASS = YES_ERROR;
				CLANG_WARN_UNREACHABLE_CODE = YES;
				CLANG_WARN__DUPLICATE_METHOD_MATCH = YES;
				"CODE_SIGN_IDENTITY[sdk=iphoneos*]" = "iPhone Developer";
				COPY_PHASE_STRIP = NO;
				ENABLE_STRICT_OBJC_MSGSEND = YES;
				GCC_C_LANGUAGE_STANDARD = gnu99;
				GCC_DYNAMIC_NO_PIC = NO;
				GCC_OPTIMIZATION_LEVEL = 0;
				GCC_PREPROCESSOR_DEFINITIONS = (
					"DEBUG=1",
					"$(inherited)",
				);
				GCC_SYMBOLS_PRIVATE_EXTERN = NO;
				GCC_WARN_64_TO_32_BIT_CONVERSION = YES;
				GCC_WARN_ABOUT_RETURN_TYPE = YES_ERROR;
				GCC_WARN_UNDECLARED_SELECTOR = YES;
				GCC_WARN_UNINITIALIZED_AUTOS = YES_AGGRESSIVE;
				GCC_WARN_UNUSED_FUNCTION = YES;
				GCC_WARN_UNUSED_VARIABLE = YES;
				IPHONEOS_DEPLOYMENT_TARGET = 8.1;
				MTL_ENABLE_DEBUG_INFO = YES;
				ONLY_ACTIVE_ARCH = YES;
				SDKROOT = iphoneos;
			};
			name = Debug;
		};
		B2AF760B1A9F9CBC00235C7C /* Release */ = {
			isa = XCBuildConfiguration;
			buildSettings = {
				ALWAYS_SEARCH_USER_PATHS = NO;
				CLANG_CXX_LANGUAGE_STANDARD = "gnu++0x";
				CLANG_CXX_LIBRARY = "libc++";
				CLANG_ENABLE_MODULES = YES;
				CLANG_ENABLE_OBJC_ARC = YES;
				CLANG_WARN_BOOL_CONVERSION = YES;
				CLANG_WARN_CONSTANT_CONVERSION = YES;
				CLANG_WARN_DIRECT_OBJC_ISA_USAGE = YES_ERROR;
				CLANG_WARN_EMPTY_BODY = YES;
				CLANG_WARN_ENUM_CONVERSION = YES;
				CLANG_WARN_INT_CONVERSION = YES;
				CLANG_WARN_OBJC_ROOT_CLASS = YES_ERROR;
				CLANG_WARN_UNREACHABLE_CODE = YES;
				CLANG_WARN__DUPLICATE_METHOD_MATCH = YES;
				"CODE_SIGN_IDENTITY[sdk=iphoneos*]" = "iPhone Developer";
				COPY_PHASE_STRIP = YES;
				ENABLE_NS_ASSERTIONS = NO;
				ENABLE_STRICT_OBJC_MSGSEND = YES;
				GCC_C_LANGUAGE_STANDARD = gnu99;
				GCC_WARN_64_TO_32_BIT_CONVERSION = YES;
				GCC_WARN_ABOUT_RETURN_TYPE = YES_ERROR;
				GCC_WARN_UNDECLARED_SELECTOR = YES;
				GCC_WARN_UNINITIALIZED_AUTOS = YES_AGGRESSIVE;
				GCC_WARN_UNUSED_FUNCTION = YES;
				GCC_WARN_UNUSED_VARIABLE = YES;
				IPHONEOS_DEPLOYMENT_TARGET = 8.1;
				MTL_ENABLE_DEBUG_INFO = NO;
				SDKROOT = iphoneos;
				VALIDATE_PRODUCT = YES;
			};
			name = Release;
		};
		B2AF760D1A9F9CBC00235C7C /* Debug */ = {
			isa = XCBuildConfiguration;
			buildSettings = {
				ASSETCATALOG_COMPILER_APPICON_NAME = AppIcon;
				INFOPLIST_FILE = TestCocoa/Info.plist;
				LD_RUNPATH_SEARCH_PATHS = "$(inherited) @executable_path/Frameworks";
				PRODUCT_NAME = "$(TARGET_NAME)";
			};
			name = Debug;
		};
		B2AF760E1A9F9CBC00235C7C /* Release */ = {
			isa = XCBuildConfiguration;
			buildSettings = {
				ASSETCATALOG_COMPILER_APPICON_NAME = AppIcon;
				INFOPLIST_FILE = TestCocoa/Info.plist;
				LD_RUNPATH_SEARCH_PATHS = "$(inherited) @executable_path/Frameworks";
				PRODUCT_NAME = "$(TARGET_NAME)";
			};
			name = Release;
		};
		B2AF76101A9F9CBC00235C7C /* Debug */ = {
			isa = XCBuildConfiguration;
			buildSettings = {
				BUNDLE_LOADER = "$(TEST_HOST)";
				FRAMEWORK_SEARCH_PATHS = (
					"$(SDKROOT)/Developer/Library/Frameworks",
					"$(inherited)",
				);
				GCC_PREPROCESSOR_DEFINITIONS = (
					"DEBUG=1",
					"$(inherited)",
				);
				INFOPLIST_FILE = TestCocoaTests/Info.plist;
				LD_RUNPATH_SEARCH_PATHS = "$(inherited) @executable_path/Frameworks @loader_path/Frameworks";
				PRODUCT_NAME = "$(TARGET_NAME)";
				TEST_HOST = "$(BUILT_PRODUCTS_DIR)/TestCocoa.app/TestCocoa";
			};
			name = Debug;
		};
		B2AF76111A9F9CBC00235C7C /* Release */ = {
			isa = XCBuildConfiguration;
			buildSettings = {
				BUNDLE_LOADER = "$(TEST_HOST)";
				FRAMEWORK_SEARCH_PATHS = (
					"$(SDKROOT)/Developer/Library/Frameworks",
					"$(inherited)",
				);
				INFOPLIST_FILE = TestCocoaTests/Info.plist;
				LD_RUNPATH_SEARCH_PATHS = "$(inherited) @executable_path/Frameworks @loader_path/Frameworks";
				PRODUCT_NAME = "$(TARGET_NAME)";
				TEST_HOST = "$(BUILT_PRODUCTS_DIR)/TestCocoa.app/TestCocoa";
			};
			name = Release;
		};
/* End XCBuildConfiguration section */

/* Begin XCConfigurationList section */
		B2AF75E41A9F9CBC00235C7C /* Build configuration list for PBXProject "TestCocoa" */ = {
			isa = XCConfigurationList;
			buildConfigurations = (
				B2AF760A1A9F9CBC00235C7C /* Debug */,
				B2AF760B1A9F9CBC00235C7C /* Release */,
			);
			defaultConfigurationIsVisible = 0;
			defaultConfigurationName = Release;
		};
		B2AF760C1A9F9CBC00235C7C /* Build configuration list for PBXNativeTarget "TestCocoa" */ = {
			isa = XCConfigurationList;
			buildConfigurations = (
				B2AF760D1A9F9CBC00235C7C /* Debug */,
				B2AF760E1A9F9CBC00235C7C /* Release */,
			);
			defaultConfigurationIsVisible = 0;
		};
		B2AF760F1A9F9CBC00235C7C /* Build configuration list for PBXNativeTarget "TestCocoaTests" */ = {
			isa = XCConfigurationList;
			buildConfigurations = (
				B2AF76101A9F9CBC00235C7C /* Debug */,
				B2AF76111A9F9CBC00235C7C /* Release */,
			);
			defaultConfigurationIsVisible = 0;
		};
/* End XCConfigurationList section */
	};
	rootObject = B2AF75E11A9F9CBC00235C7C /* Project object */;
}
